
Microsoft Visual Studio Solution File, Format Version 12.00
# Visual Studio Version 16
VisualStudioVersion = 16.0.32602.291
MinimumVisualStudioVersion = 10.0.40219.1
Project("{FAE04EC0-301F-11D3-BF4B-00C04F79EFBC}") = "CapaPresentacionAdmin", "CapaPresentacionAdmin\CapaPresentacionAdmin.csproj", "{9BEF3F87-F782-4A80-BA70-1F2978FE3A4B}"
EndProject
Project("{FAE04EC0-301F-11D3-BF4B-00C04F79EFBC}") = "CapaPresentacionTienda", "CapaPresentacionTienda\CapaPresentacionTienda.csproj", "{FB6EEB30-48BD-4E7F-AEB0-0B0F08F53AAF}"
EndProject
Project("{FAE04EC0-301F-11D3-BF4B-00C04F79EFBC}") = "CapaDatos", "CapaDatos\CapaDatos.csproj", "{B7B68B77-96FE-4615-9F7B-7E5DDEFD0BA0}"
EndProject
Project("{FAE04EC0-301F-11D3-BF4B-00C04F79EFBC}") = "CapaLogica", "CapaLogica\CapaLogica.csproj", "{16ADF978-69E1-466A-98C0-E83AD9BFF20E}"
EndProject
Project("{FAE04EC0-301F-11D3-BF4B-00C04F79EFBC}") = "CapaEntidad", "CapaEntidad\CapaEntidad.csproj", "{86C56F05-C26F-491E-B7EE-0F0912263DCE}"
EndProject
Global
	GlobalSection(SolutionConfigurationPlatforms) = preSolution
		Debug|Any CPU = Debug|Any CPU
		Release|Any CPU = Release|Any CPU
	EndGlobalSection
	GlobalSection(ProjectConfigurationPlatforms) = postSolution
		{9BEF3F87-F782-4A80-BA70-1F2978FE3A4B}.Debug|Any CPU.ActiveCfg = Debug|Any CPU
		{9BEF3F87-F782-4A80-BA70-1F2978FE3A4B}.Debug|Any CPU.Build.0 = Debug|Any CPU
		{9BEF3F87-F782-4A80-BA70-1F2978FE3A4B}.Release|Any CPU.ActiveCfg = Release|Any CPU
		{9BEF3F87-F782-4A80-BA70-1F2978FE3A4B}.Release|Any CPU.Build.0 = Release|Any CPU
		{FB6EEB30-48BD-4E7F-AEB0-0B0F08F53AAF}.Debug|Any CPU.ActiveCfg = Debug|Any CPU
		{FB6EEB30-48BD-4E7F-AEB0-0B0F08F53AAF}.Debug|Any CPU.Build.0 = Debug|Any CPU
		{FB6EEB30-48BD-4E7F-AEB0-0B0F08F53AAF}.Release|Any CPU.ActiveCfg = Release|Any CPU
		{FB6EEB30-48BD-4E7F-AEB0-0B0F08F53AAF}.Release|Any CPU.Build.0 = Release|Any CPU
		{B7B68B77-96FE-4615-9F7B-7E5DDEFD0BA0}.Debug|Any CPU.ActiveCfg = Debug|Any CPU
		{B7B68B77-96FE-4615-9F7B-7E5DDEFD0BA0}.Debug|Any CPU.Build.0 = Debug|Any CPU
		{B7B68B77-96FE-4615-9F7B-7E5DDEFD0BA0}.Release|Any CPU.ActiveCfg = Release|Any CPU
		{B7B68B77-96FE-4615-9F7B-7E5DDEFD0BA0}.Release|Any CPU.Build.0 = Release|Any CPU
		{16ADF978-69E1-466A-98C0-E83AD9BFF20E}.Debug|Any CPU.ActiveCfg = Debug|Any CPU
		{16ADF978-69E1-466A-98C0-E83AD9BFF20E}.Debug|Any CPU.Build.0 = Debug|Any CPU
		{16ADF978-69E1-466A-98C0-E83AD9BFF20E}.Release|Any CPU.ActiveCfg = Release|Any CPU
		{16ADF978-69E1-466A-98C0-E83AD9BFF20E}.Release|Any CPU.Build.0 = Release|Any CPU
		{86C56F05-C26F-491E-B7EE-0F0912263DCE}.Debug|Any CPU.ActiveCfg = Debug|Any CPU
		{86C56F05-C26F-491E-B7EE-0F0912263DCE}.Debug|Any CPU.Build.0 = Debug|Any CPU
		{86C56F05-C26F-491E-B7EE-0F0912263DCE}.Release|Any CPU.ActiveCfg = Release|Any CPU
		{86C56F05-C26F-491E-B7EE-0F0912263DCE}.Release|Any CPU.Build.0 = Release|Any CPU
	EndGlobalSection
	GlobalSection(SolutionProperties) = preSolution
		HideSolutionNode = FALSE
	EndGlobalSection
	GlobalSection(ExtensibilityGlobals) = postSolution
		SolutionGuid = {7C96D36D-F860-4EA0-9362-76233E5B6427}
	EndGlobalSection
EndGlobal
